{
  "nodes": {
    "catppuccin": {
      "locked": {
        "lastModified": 1733001911,
        "narHash": "sha256-uX/9m0TbdhEzuWA0muM5mI/AaWcLiDLjCCyu5Qr9MRk=",
        "owner": "catppuccin",
        "repo": "nix",
        "rev": "a817009ebfd2cca7f70a77884e5098d0a8c83f8e",
        "type": "github"
      },
      "original": {
        "owner": "catppuccin",
        "repo": "nix",
        "type": "github"
      }
    },
    "disko": {
      "inputs": {
        "nixpkgs": [
          "nixpkgs"
        ]
      },
      "locked": {
        "lastModified": 1733168902,
        "narHash": "sha256-8dupm9GfK+BowGdQd7EHK5V61nneLfr9xR6sc5vtDi0=",
        "owner": "nix-community",
        "repo": "disko",
        "rev": "785c1e02c7e465375df971949b8dcbde9ec362e5",
        "type": "github"
      },
      "original": {
        "owner": "nix-community",
        "repo": "disko",
        "type": "github"
      }
    },
    "home-manager": {
      "inputs": {
        "nixpkgs": [
          "nixpkgs"
        ]
      },
      "locked": {
        "lastModified": 1733389730,
        "narHash": "sha256-KZMu4ddMll5khS0rYkJsVD0hVqjMNHlhTM3PCQar0Ag=",
        "owner": "nix-community",
        "repo": "home-manager",
        "rev": "65912bc6841cf420eb8c0a20e03df7cbbff5963f",
        "type": "github"
      },
      "original": {
        "owner": "nix-community",
        "repo": "home-manager",
        "type": "github"
      }
    },
    "impermanence": {
      "locked": {
        "lastModified": 1731242966,
        "narHash": "sha256-B3C3JLbGw0FtLSWCjBxU961gLNv+BOOBC6WvstKLYMw=",
        "owner": "nix-community",
        "repo": "impermanence",
        "rev": "3ed3f0eaae9fcc0a8331e77e9319c8a4abd8a71a",
        "type": "github"
      },
      "original": {
        "owner": "nix-community",
        "repo": "impermanence",
        "type": "github"
      }
    },
    "mobile-nixos": {
      "flake": false,
      "locked": {
        "lastModified": 1723014303,
        "narHash": "sha256-Ody2o+PluSxMQSCPdSEKJ4oL1VXyHbSQjPGWWlwVLEo=",
        "owner": "linyinfeng",
        "repo": "mobile-nixos",
        "rev": "91623a708508423e05f45b80f415d56faa391cbd",
        "type": "github"
      },
      "original": {
        "owner": "linyinfeng",
        "ref": "development",
        "repo": "mobile-nixos",
        "type": "github"
      }
    },
    "nixos-hardware": {
      "locked": {
        "lastModified": 1733217105,
        "narHash": "sha256-fc6jTzIwCIVWTX50FtW6AZpuukuQWSEbPiyg6ZRGWFY=",
        "owner": "NixOS",
        "repo": "nixos-hardware",
        "rev": "cceee0a31d2f01bcc98b2fbd591327c06a4ea4f9",
        "type": "github"
      },
      "original": {
        "owner": "NixOS",
        "repo": "nixos-hardware",
        "type": "github"
      }
    },
    "nixpkgs": {
      "locked": {
        "lastModified": 1733212471,
        "narHash": "sha256-M1+uCoV5igihRfcUKrr1riygbe73/dzNnzPsmaLCmpo=",
        "owner": "NixOS",
        "repo": "nixpkgs",
        "rev": "55d15ad12a74eb7d4646254e13638ad0c4128776",
        "type": "github"
      },
      "original": {
        "owner": "NixOS",
        "ref": "nixos-unstable",
        "repo": "nixpkgs",
        "type": "github"
      }
    },
    "root": {
      "inputs": {
        "catppuccin": "catppuccin",
        "disko": "disko",
        "home-manager": "home-manager",
        "impermanence": "impermanence",
        "mobile-nixos": "mobile-nixos",
        "nixos-hardware": "nixos-hardware",
        "nixpkgs": "nixpkgs",
        "sn0wm1x": "sn0wm1x"
      }
    },
    "sn0wm1x": {
      "inputs": {
        "nixpkgs": [
          "nixpkgs"
        ]
      },
      "locked": {
        "lastModified": 1731252845,
        "narHash": "sha256-rQfQSNexcQQIgOoatAsLaNv1Vu2Fb3uDaX1wrZUx/go=",
        "owner": "sn0wm1x",
        "repo": "ur",
        "rev": "c7bd34c2d79d8d385d56778cc532f9e2243b89cf",
        "type": "github"
      },
      "original": {
        "owner": "sn0wm1x",
        "repo": "ur",
        "type": "github"
      }
    }
  },
  "root": "root",
  "version": 7
}
